// !$*UTF8*$!
{
	archiveVersion = 1;
	classes = {
	};
	objectVersion = 46;
	objects = {

/* Begin PBXBuildFile section */
		4551A5F11C3649D40084588C /* AppDelegate.swift in Sources */ = {isa = PBXBuildFile; fileRef = 4551A5F01C3649D40084588C /* AppDelegate.swift */; };
		4551A5F31C3649D40084588C /* ViewController.swift in Sources */ = {isa = PBXBuildFile; fileRef = 4551A5F21C3649D40084588C /* ViewController.swift */; };
		4551A5F61C3649D40084588C /* Main.storyboard in Resources */ = {isa = PBXBuildFile; fileRef = 4551A5F41C3649D40084588C /* Main.storyboard */; };
		4551A5F81C3649D40084588C /* Assets.xcassets in Resources */ = {isa = PBXBuildFile; fileRef = 4551A5F71C3649D40084588C /* Assets.xcassets */; };
		4551A5FB1C3649D40084588C /* LaunchScreen.storyboard in Resources */ = {isa = PBXBuildFile; fileRef = 4551A5F91C3649D40084588C /* LaunchScreen.storyboard */; };
/* End PBXBuildFile section */

/* Begin PBXFileReference section */
		4551A5ED1C3649D40084588C /* NDForm.app */ = {isa = PBXFileReference; explicitFileType = wrapper.application; includeInIndex = 0; path = NDForm.app; sourceTree = BUILT_PRODUCTS_DIR; };
		4551A5F01C3649D40084588C /* AppDelegate.swift */ = {isa = PBXFileReference; lastKnownFileType = sourcecode.swift; path = AppDelegate.swift; sourceTree = "<group>"; };
		4551A5F21C3649D40084588C /* ViewController.swift */ = {isa = PBXFileReference; lastKnownFileType = sourcecode.swift; path = ViewController.swift; sourceTree = "<group>"; };
		4551A5F51C3649D40084588C /* Base */ = {isa = PBXFileReference; lastKnownFileType = file.storyboard; name = Base; path = Base.lproj/Main.storyboard; sourceTree = "<group>"; };
		4551A5F71C3649D40084588C /* Assets.xcassets */ = {isa = PBXFileReference; lastKnownFileType = folder.assetcatalog; path = Assets.xcassets; sourceTree = "<group>"; };
		4551A5FA1C3649D40084588C /* Base */ = {isa = PBXFileReference; lastKnownFileType = file.storyboard; name = Base; path = Base.lproj/LaunchScreen.storyboard; sourceTree = "<group>"; };
		4551A5FC1C3649D40084588C /* Info.plist */ = {isa = PBXFileReference; lastKnownFileType = text.plist.xml; path = Info.plist; sourceTree = "<group>"; };
/* End PBXFileReference section */

/* Begin PBXFrameworksBuildPhase section */
		4551A5EA1C3649D40084588C /* Frameworks */ = {
			isa = PBXFrameworksBuildPhase;
			buildActionMask = 2147483647;
			files = (
			);
			runOnlyForDeploymentPostprocessing = 0;
		};
/* End PBXFrameworksBuildPhase section */

/* Begin PBXGroup section */
		4551A5E41C3649D40084588C = {
			isa = PBXGroup;
			children = (
				4551A5EF1C3649D40084588C /* NDForm */,
				4551A5EE1C3649D40084588C /* Products */,
			);
			sourceTree = "<group>";
		};
		4551A5EE1C3649D40084588C /* Products */ = {
			isa = PBXGroup;
			children = (
				4551A5ED1C3649D40084588C /* NDForm.app */,
			);
			name = Products;
			sourceTree = "<group>";
		};
		4551A5EF1C3649D40084588C /* NDForm */ = {
			isa = PBXGroup;
			children = (
				4551A5F01C3649D40084588C /* AppDelegate.swift */,
				4551A5F21C3649D40084588C /* ViewController.swift */,
				4551A5F41C3649D40084588C /* Main.storyboard */,
				4551A5F71C3649D40084588C /* Assets.xcassets */,
				4551A5F91C3649D40084588C /* LaunchScreen.storyboard */,
				4551A5FC1C3649D40084588C /* Info.plist */,
			);
			path = NDForm;
			sourceTree = "<group>";
		};
/* End PBXGroup section */

/* Begin PBXNativeTarget section */
		4551A5EC1C3649D40084588C /* NDForm */ = {
			isa = PBXNativeTarget;
			buildConfigurationList = 4551A5FF1C3649D40084588C /* Build configuration list for PBXNativeTarget "NDForm" */;
			buildPhases = (
				4551A5E91C3649D40084588C /* Sources */,
				4551A5EA1C3649D40084588C /* Frameworks */,
				4551A5EB1C3649D40084588C /* Resources */,
			);
			buildRules = (
			);
			dependencies = (
			);
			name = NDForm;
			productName = NDForm;
			productReference = 4551A5ED1C3649D40084588C /* NDForm.app */;
			productType = "com.apple.product-type.application";
		};
/* End PBXNativeTarget section */

/* Begin PBXProject section */
		4551A5E51C3649D40084588C /* Project object */ = {
			isa = PBXProject;
			attributes = {
				LastSwiftUpdateCheck = 0720;
				LastUpgradeCheck = 0720;
				ORGANIZATIONNAME = locomoviles.com;
				TargetAttributes = {
					4551A5EC1C3649D40084588C = {
						CreatedOnToolsVersion = 7.2;
					};
				};
			};
			buildConfigurationList = 4551A5E81C3649D40084588C /* Build configuration list for PBXProject "NDForm" */;
			compatibilityVersion = "Xcode 3.2";
			developmentRegion = English;
			hasScannedForEncodings = 0;
			knownRegions = (
				en,
				Base,
			);
			mainGroup = 4551A5E41C3649D40084588C;
			productRefGroup = 4551A5EE1C3649D40084588C /* Products */;
			projectDirPath = "";
			projectRoot = "";
			targets = (
				4551A5EC1C3649D40084588C /* NDForm */,
			);
		};
/* End PBXProject section */

/* Begin PBXResourcesBuildPhase section */
		4551A5EB1C3649D40084588C /* Resources */ = {
			isa = PBXResourcesBuildPhase;
			buildActionMask = 2147483647;
			files = (
				4551A5FB1C3649D40084588C /* LaunchScreen.storyboard in Resources */,
				4551A5F81C3649D40084588C /* Assets.xcassets in Resources */,
				4551A5F61C3649D40084588C /* Main.storyboard in Resources */,
			);
			runOnlyForDeploymentPostprocessing = 0;
		};
/* End PBXResourcesBuildPhase section */

/* Begin PBXSourcesBuildPhase section */
		4551A5E91C3649D40084588C /* Sources */ = {
			isa = PBXSourcesBuildPhase;
			buildActionMask = 2147483647;
			files = (
				4551A5F31C3649D40084588C /* ViewController.swift in Sources */,
				4551A5F11C3649D40084588C /* AppDelegate.swift in Sources */,
			);
			runOnlyForDeploymentPostprocessing = 0;
		};
/* End PBXSourcesBuildPhase section */

/* Begin PBXVariantGroup section */
		4551A5F41C3649D40084588C /* Main.storyboard */ = {
			isa = PBXVariantGroup;
			children = (
				4551A5F51C3649D40084588C /* Base */,
			);
			name = Main.storyboard;
			sourceTree = "<group>";
		};
		4551A5F91C3649D40084588C /* LaunchScreen.storyboard */ = {
			isa = PBXVariantGroup;
			children = (
				4551A5FA1C3649D40084588C /* Base */,
			);
			name = LaunchScreen.storyboard;
			sourceTree = "<group>";
		};
/* End PBXVariantGroup section */

/* Begin XCBuildConfiguration section */
		4551A5FD1C3649D40084588C /* Debug */ = {
			isa = XCBuildConfiguration;
			buildSettings = {
				ALWAYS_SEARCH_USER_PATHS = NO;
				CLANG_CXX_LANGUAGE_STANDARD = "gnu++0x";
				CLANG_CXX_LIBRARY = "libc++";
				CLANG_ENABLE_MODULES = YES;
				CLANG_ENABLE_OBJC_ARC = YES;
				CLANG_WARN_BOOL_CONVERSION = YES;
				CLANG_WARN_CONSTANT_CONVERSION = YES;
				CLANG_WARN_DIRECT_OBJC_ISA_USAGE = YES_ERROR;
				CLANG_WARN_EMPTY_BODY = YES;
				CLANG_WARN_ENUM_CONVERSION = YES;
				CLANG_WARN_INT_CONVERSION = YES;
				CLANG_WARN_OBJC_ROOT_CLASS = YES_ERROR;
				CLANG_WARN_UNREACHABLE_CODE = YES;
				CLANG_WARN__DUPLICATE_METHOD_MATCH = YES;
				"CODE_SIGN_IDENTITY[sdk=iphoneos*]" = "iPhone Developer";
				COPY_PHASE_STRIP = NO;
				DEBUG_INFORMATION_FORMAT = dwarf;
				ENABLE_STRICT_OBJC_MSGSEND = YES;
				ENABLE_TESTABILITY = YES;
				GCC_C_LANGUAGE_STANDARD = gnu99;
				GCC_DYNAMIC_NO_PIC = NO;
				GCC_NO_COMMON_BLOCKS = YES;
				GCC_OPTIMIZATION_LEVEL = 0;
				GCC_PREPROCESSOR_DEFINITIONS = (
					"DEBUG=1",
					"$(inherited)",
				);
				GCC_WARN_64_TO_32_BIT_CONVERSION = YES;
				GCC_WARN_ABOUT_RETURN_TYPE = YES_ERROR;
				GCC_WARN_UNDECLARED_SELECTOR = YES;
				GCC_WARN_UNINITIALIZED_AUTOS = YES_AGGRESSIVE;
				GCC_WARN_UNUSED_FUNCTION = YES;
				GCC_WARN_UNUSED_VARIABLE = YES;
				IPHONEOS_DEPLOYMENT_TARGET = 9.2;
				MTL_ENABLE_DEBUG_INFO = YES;
				ONLY_ACTIVE_ARCH = YES;
				SDKROOT = iphoneos;
				SWIFT_OPTIMIZATION_LEVEL = "-Onone";
			};
			name = Debug;
		};
		4551A5FE1C3649D40084588C /* Release */ = {
			isa = XCBuildConfiguration;
			buildSettings = {
				ALWAYS_SEARCH_USER_PATHS = NO;
				CLANG_CXX_LANGUAGE_STANDARD = "gnu++0x";
				CLANG_CXX_LIBRARY = "libc++";
				CLANG_ENABLE_MODULES = YES;
				CLANG_ENABLE_OBJC_ARC = YES;
				CLANG_WARN_BOOL_CONVERSION = YES;
				CLANG_WARN_CONSTANT_CONVERSION = YES;
				CLANG_WARN_DIRECT_OBJC_ISA_USAGE = YES_ERROR;
				CLANG_WARN_EMPTY_BODY = YES;
				CLANG_WARN_ENUM_CONVERSION = YES;
				CLANG_WARN_INT_CONVERSION = YES;
				CLANG_WARN_OBJC_ROOT_CLASS = YES_ERROR;
				CLANG_WARN_UNREACHABLE_CODE = YES;
				CLANG_WARN__DUPLICATE_METHOD_MATCH = YES;
				"CODE_SIGN_IDENTITY[sdk=iphoneos*]" = "iPhone Developer";
				COPY_PHASE_STRIP = NO;
				DEBUG_INFORMATION_FORMAT = "dwarf-with-dsym";
				ENABLE_NS_ASSERTIONS = NO;
				ENABLE_STRICT_OBJC_MSGSEND = YES;
				GCC_C_LANGUAGE_STANDARD = gnu99;
				GCC_NO_COMMON_BLOCKS = YES;
				GCC_WARN_64_TO_32_BIT_CONVERSION = YES;
				GCC_WARN_ABOUT_RETURN_TYPE = YES_ERROR;
				GCC_WARN_UNDECLARED_SELECTOR = YES;
				GCC_WARN_UNINITIALIZED_AUTOS = YES_AGGRESSIVE;
				GCC_WARN_UNUSED_FUNCTION = YES;
				GCC_WARN_UNUSED_VARIABLE = YES;
				IPHONEOS_DEPLOYMENT_TARGET = 9.2;
				MTL_ENABLE_DEBUG_INFO = NO;
				SDKROOT = iphoneos;
				VALIDATE_PRODUCT = YES;
			};
			name = Release;
		};
		4551A6001C3649D40084588C /* Debug */ = {
			isa = XCBuildConfiguration;
			buildSettings = {
				ASSETCATALOG_COMPILER_APPICON_NAME = AppIcon;
				INFOPLIST_FILE = NDForm/Info.plist;
				LD_RUNPATH_SEARCH_PATHS = "$(inherited) @executable_path/Frameworks";
				PRODUCT_BUNDLE_IDENTIFIER = com.naz.NDForm;
				PRODUCT_NAME = "$(TARGET_NAME)";
			};
			name = Debug;
		};
		4551A6011C3649D40084588C /* Release */ = {
			isa = XCBuildConfiguration;
			buildSettings = {
				ASSETCATALOG_COMPILER_APPICON_NAME = AppIcon;
				INFOPLIST_FILE = NDForm/Info.plist;
				LD_RUNPATH_SEARCH_PATHS = "$(inherited) @executable_path/Frameworks";
				PRODUCT_BUNDLE_IDENTIFIER = com.naz.NDForm;
				PRODUCT_NAME = "$(TARGET_NAME)";
			};
			name = Release;
		};
/* End XCBuildConfiguration section */

/* Begin XCConfigurationList section */
		4551A5E81C3649D40084588C /* Build configuration list for PBXProject "NDForm" */ = {
			isa = XCConfigurationList;
			buildConfigurations = (
				4551A5FD1C3649D40084588C /* Debug */,
				4551A5FE1C3649D40084588C /* Release */,
			);
			defaultConfigurationIsVisible = 0;
			defaultConfigurationName = Release;
		};
		4551A5FF1C3649D40084588C /* Build configuration list for PBXNativeTarget "NDForm" */ = {
			isa = XCConfigurationList;
			buildConfigurations = (
				4551A6001C3649D40084588C /* Debug */,
				4551A6011C3649D40084588C /* Release */,
			);
			defaultConfigurationIsVisible = 0;
		};
/* End XCConfigurationList section */
	};
	rootObject = 4551A5E51C3649D40084588C /* Project object */;
}
